Microsoft Visual Studio Solution File, Format Version 11.00
# Visual Studio 2008

Project("{9962B72C-2AB0-BDB5-8CD0-9E7DC96B08B7}") = "FoodChain", "Assembly-CSharp-firstpass.csproj", "{6EEF6E5B-70C0-B4D5-DBBC-0A1673AEB753}"
EndProject
Project("{9962B72C-2AB0-BDB5-8CD0-9E7DC96B08B7}") = "FoodChain", "Assembly-CSharp.csproj", "{550EB76B-BFE6-B1B4-C353-B3E510309FFB}"
EndProject
Project("{9962B72C-2AB0-BDB5-8CD0-9E7DC96B08B7}") = "FoodChain", "Assembly-CSharp-Editor-firstpass.csproj", "{CE1C883B-5461-EA84-B989-DD13F4A43C7F}"
EndProject
Project("{9962B72C-2AB0-BDB5-8CD0-9E7DC96B08B7}") = "FoodChain", "Assembly-CSharp-Editor.csproj", "{4E03B60C-468D-91BB-63F4-5D4DF9EEB250}"
EndProject
Global
	GlobalSection(SolutionConfigurationPlatforms) = preSolution
		Debug|Any CPU = Debug|Any CPU
		Release|Any CPU = Release|Any CPU
	EndGlobalSection
	GlobalSection(ProjectConfigurationPlatforms) = postSolution
		{6EEF6E5B-70C0-B4D5-DBBC-0A1673AEB753}.Debug|Any CPU.ActiveCfg = Debug|Any CPU
		{6EEF6E5B-70C0-B4D5-DBBC-0A1673AEB753}.Debug|Any CPU.Build.0 = Debug|Any CPU
		{6EEF6E5B-70C0-B4D5-DBBC-0A1673AEB753}.Release|Any CPU.ActiveCfg = Release|Any CPU
		{6EEF6E5B-70C0-B4D5-DBBC-0A1673AEB753}.Release|Any CPU.Build.0 = Release|Any CPU
		{550EB76B-BFE6-B1B4-C353-B3E510309FFB}.Debug|Any CPU.ActiveCfg = Debug|Any CPU
		{550EB76B-BFE6-B1B4-C353-B3E510309FFB}.Debug|Any CPU.Build.0 = Debug|Any CPU
		{550EB76B-BFE6-B1B4-C353-B3E510309FFB}.Release|Any CPU.ActiveCfg = Release|Any CPU
		{550EB76B-BFE6-B1B4-C353-B3E510309FFB}.Release|Any CPU.Build.0 = Release|Any CPU
		{CE1C883B-5461-EA84-B989-DD13F4A43C7F}.Debug|Any CPU.ActiveCfg = Debug|Any CPU
		{CE1C883B-5461-EA84-B989-DD13F4A43C7F}.Debug|Any CPU.Build.0 = Debug|Any CPU
		{CE1C883B-5461-EA84-B989-DD13F4A43C7F}.Release|Any CPU.ActiveCfg = Release|Any CPU
		{CE1C883B-5461-EA84-B989-DD13F4A43C7F}.Release|Any CPU.Build.0 = Release|Any CPU
		{4E03B60C-468D-91BB-63F4-5D4DF9EEB250}.Debug|Any CPU.ActiveCfg = Debug|Any CPU
		{4E03B60C-468D-91BB-63F4-5D4DF9EEB250}.Debug|Any CPU.Build.0 = Debug|Any CPU
		{4E03B60C-468D-91BB-63F4-5D4DF9EEB250}.Release|Any CPU.ActiveCfg = Release|Any CPU
		{4E03B60C-468D-91BB-63F4-5D4DF9EEB250}.Release|Any CPU.Build.0 = Release|Any CPU
	EndGlobalSection
	GlobalSection(SolutionProperties) = preSolution
		HideSolutionNode = FALSE
	EndGlobalSection
	GlobalSection(MonoDevelopProperties) = preSolution
		StartupItem = Assembly-CSharp.csproj
	EndGlobalSection
EndGlobal
